
Microsoft Visual Studio Solution File, Format Version 12.00
# Visual Studio Version 17
VisualStudioVersion = 17.10.35122.118
MinimumVisualStudioVersion = 10.0.40219.1
Project("{8BC9CEB8-8B4A-11D0-8D11-00A0C91BC942}") = "Problem Demo 3", "Problem Demo 3.vcxproj", "{928C7062-BCED-4735-BE2A-194CA38BDEC6}"
EndProject
Global
	GlobalSection(SolutionConfigurationPlatforms) = preSolution
		Debug|x64 = Debug|x64
		Debug|x86 = Debug|x86
		Release|x64 = Release|x64
		Release|x86 = Release|x86
	EndGlobalSection
	GlobalSection(ProjectConfigurationPlatforms) = postSolution
		{928C7062-BCED-4735-BE2A-194CA38BDEC6}.Debug|x64.ActiveCfg = Debug|x64
		{928C7062-BCED-4735-BE2A-194CA38BDEC6}.Debug|x64.Build.0 = Debug|x64
		{928C7062-BCED-4735-BE2A-194CA38BDEC6}.Debug|x86.ActiveCfg = Debug|Win32
		{928C7062-BCED-4735-BE2A-194CA38BDEC6}.Debug|x86.Build.0 = Debug|Win32
		{928C7062-BCED-4735-BE2A-194CA38BDEC6}.Release|x64.ActiveCfg = Release|x64
		{928C7062-BCED-4735-BE2A-194CA38BDEC6}.Release|x64.Build.0 = Release|x64
		{928C7062-BCED-4735-BE2A-194CA38BDEC6}.Release|x86.ActiveCfg = Release|Win32
		{928C7062-BCED-4735-BE2A-194CA38BDEC6}.Release|x86.Build.0 = Release|Win32
	EndGlobalSection
	GlobalSection(SolutionProperties) = preSolution
		HideSolutionNode = FALSE
	EndGlobalSection
	GlobalSection(ExtensibilityGlobals) = postSolution
		SolutionGuid = {B22AE6FB-E992-48A9-975E-E761DBF195BC}
	EndGlobalSection
EndGlobal
